
Microsoft Visual Studio Solution File, Format Version 12.00
# Visual Studio Version 17
VisualStudioVersion = 17.10.35122.118
MinimumVisualStudioVersion = 10.0.40219.1
Project("{FAE04EC0-301F-11D3-BF4B-00C04F79EFBC}") = "LINQ_Watford_Koby", "LINQ_Watford_Koby\LINQ_Watford_Koby.csproj", "{19A23B80-71B8-4BCE-902A-13CDF0AE67F2}"
EndProject
Global
	GlobalSection(SolutionConfigurationPlatforms) = preSolution
		Debug|Any CPU = Debug|Any CPU
		Release|Any CPU = Release|Any CPU
	EndGlobalSection
	GlobalSection(ProjectConfigurationPlatforms) = postSolution
		{19A23B80-71B8-4BCE-902A-13CDF0AE67F2}.Debug|Any CPU.ActiveCfg = Debug|Any CPU
		{19A23B80-71B8-4BCE-902A-13CDF0AE67F2}.Debug|Any CPU.Build.0 = Debug|Any CPU
		{19A23B80-71B8-4BCE-902A-13CDF0AE67F2}.Release|Any CPU.ActiveCfg = Release|Any CPU
		{19A23B80-71B8-4BCE-902A-13CDF0AE67F2}.Release|Any CPU.Build.0 = Release|Any CPU
	EndGlobalSection
	GlobalSection(SolutionProperties) = preSolution
		HideSolutionNode = FALSE
	EndGlobalSection
	GlobalSection(ExtensibilityGlobals) = postSolution
		SolutionGuid = {2F332B53-9639-4B35-A2FB-D54E88E8A9C3}
	EndGlobalSection
EndGlobal
